
Microsoft Visual Studio Solution File, Format Version 12.00
# Visual Studio Version 17
VisualStudioVersion = 17.0.32014.148
MinimumVisualStudioVersion = 10.0.40219.1
Project("{FAE04EC0-301F-11D3-BF4B-00C04F79EFBC}") = "MoviesAPI", "MoviesAPI\MoviesAPI.csproj", "{89B9A7B9-222D-4A7A-B65B-15BD6244F36E}"
EndProject
Global
	GlobalSection(SolutionConfigurationPlatforms) = preSolution
		Debug|Any CPU = Debug|Any CPU
		Release|Any CPU = Release|Any CPU
	EndGlobalSection
	GlobalSection(ProjectConfigurationPlatforms) = postSolution
		{89B9A7B9-222D-4A7A-B65B-15BD6244F36E}.Debug|Any CPU.ActiveCfg = Debug|Any CPU
		{89B9A7B9-222D-4A7A-B65B-15BD6244F36E}.Debug|Any CPU.Build.0 = Debug|Any CPU
		{89B9A7B9-222D-4A7A-B65B-15BD6244F36E}.Release|Any CPU.ActiveCfg = Release|Any CPU
		{89B9A7B9-222D-4A7A-B65B-15BD6244F36E}.Release|Any CPU.Build.0 = Release|Any CPU
	EndGlobalSection
	GlobalSection(SolutionProperties) = preSolution
		HideSolutionNode = FALSE
	EndGlobalSection
	GlobalSection(ExtensibilityGlobals) = postSolution
		SolutionGuid = {24738CCC-4730-44A1-922D-C09852563066}
	EndGlobalSection
EndGlobal
